// !$*UTF8*$!
{
	archiveVersion = 1;
	classes = {
	};
	objectVersion = 46;
	objects = {

/* Begin PBXBuildFile section */
		B4022E001E2F0EDD004AB826 /* AppDelegate.swift in Sources */ = {isa = PBXBuildFile; fileRef = B4022DFF1E2F0EDD004AB826 /* AppDelegate.swift */; };
		B4022E021E2F0EDD004AB826 /* ViewController.swift in Sources */ = {isa = PBXBuildFile; fileRef = B4022E011E2F0EDD004AB826 /* ViewController.swift */; };
		B4022E051E2F0EDD004AB826 /* Main.storyboard in Resources */ = {isa = PBXBuildFile; fileRef = B4022E031E2F0EDD004AB826 /* Main.storyboard */; };
		B4022E081E2F0EDD004AB826 /* Guaymas_6_0.xcdatamodeld in Sources */ = {isa = PBXBuildFile; fileRef = B4022E061E2F0EDD004AB826 /* Guaymas_6_0.xcdatamodeld */; };
		B4022E0A1E2F0EDD004AB826 /* Assets.xcassets in Resources */ = {isa = PBXBuildFile; fileRef = B4022E091E2F0EDD004AB826 /* Assets.xcassets */; };
		B4022E0D1E2F0EDD004AB826 /* LaunchScreen.storyboard in Resources */ = {isa = PBXBuildFile; fileRef = B4022E0B1E2F0EDD004AB826 /* LaunchScreen.storyboard */; };
		B4022E181E2F0F40004AB826 /* Noticia.swift in Sources */ = {isa = PBXBuildFile; fileRef = B4022E171E2F0F40004AB826 /* Noticia.swift */; };
		B4022E1A1E2F11C6004AB826 /* NoticiasTableViewController.swift in Sources */ = {isa = PBXBuildFile; fileRef = B4022E191E2F11C6004AB826 /* NoticiasTableViewController.swift */; };
		B4022E1C1E2F11DE004AB826 /* NoticiasViewController.swift in Sources */ = {isa = PBXBuildFile; fileRef = B4022E1B1E2F11DE004AB826 /* NoticiasViewController.swift */; };
		B41194D41E4D3CAC0098E7C4 /* MapKit.framework in Frameworks */ = {isa = PBXBuildFile; fileRef = B41194D31E4D3CAC0098E7C4 /* MapKit.framework */; };
		B46A188C1E4561B200E47B39 /* NoticiaTableViewCell.swift in Sources */ = {isa = PBXBuildFile; fileRef = B46A188B1E4561B200E47B39 /* NoticiaTableViewCell.swift */; };
		B46A188E1E45651400E47B39 /* NoticiaManager.swift in Sources */ = {isa = PBXBuildFile; fileRef = B46A188D1E45651400E47B39 /* NoticiaManager.swift */; };
		B46A18901E45687600E47B39 /* SwiftyJSON.swift in Sources */ = {isa = PBXBuildFile; fileRef = B46A188F1E45687600E47B39 /* SwiftyJSON.swift */; };
		B46A18921E45984100E47B39 /* MultimediaViewController.swift in Sources */ = {isa = PBXBuildFile; fileRef = B46A18911E45984100E47B39 /* MultimediaViewController.swift */; };
		B46C86661E4E58A900656541 /* ReporteViewController.swift in Sources */ = {isa = PBXBuildFile; fileRef = B46C86651E4E58A900656541 /* ReporteViewController.swift */; };
		B48491901E4BFC3F004EB809 /* DirectorioTableViewController.swift in Sources */ = {isa = PBXBuildFile; fileRef = B484918F1E4BFC3F004EB809 /* DirectorioTableViewController.swift */; };
		B48491921E4BFC51004EB809 /* DirectorioTableViewCell.swift in Sources */ = {isa = PBXBuildFile; fileRef = B48491911E4BFC51004EB809 /* DirectorioTableViewCell.swift */; };
		B48491941E4BFC7B004EB809 /* Dependencia.swift in Sources */ = {isa = PBXBuildFile; fileRef = B48491931E4BFC7B004EB809 /* Dependencia.swift */; };
		B48491961E4BFC86004EB809 /* DependenciaManager.swift in Sources */ = {isa = PBXBuildFile; fileRef = B48491951E4BFC86004EB809 /* DependenciaManager.swift */; };
		B48491981E4C0552004EB809 /* DirectorioViewController.swift in Sources */ = {isa = PBXBuildFile; fileRef = B48491971E4C0552004EB809 /* DirectorioViewController.swift */; };
		B4B146881E35443C00B2537C /* RadioViewController.swift in Sources */ = {isa = PBXBuildFile; fileRef = B4B146871E35443C00B2537C /* RadioViewController.swift */; };
		B4B2816C1E49936000005941 /* EventoViewController.swift in Sources */ = {isa = PBXBuildFile; fileRef = B4B2816B1E49936000005941 /* EventoViewController.swift */; };
		B4B2816E1E49938100005941 /* EventosTableViewController.swift in Sources */ = {isa = PBXBuildFile; fileRef = B4B2816D1E49938100005941 /* EventosTableViewController.swift */; };
		B4B281701E4993B000005941 /* EventosTableViewCell.swift in Sources */ = {isa = PBXBuildFile; fileRef = B4B2816F1E4993B000005941 /* EventosTableViewCell.swift */; };
		B4B281761E49996D00005941 /* Evento.swift in Sources */ = {isa = PBXBuildFile; fileRef = B4B281751E49996D00005941 /* Evento.swift */; };
		B4B281781E49997700005941 /* EventoManager.swift in Sources */ = {isa = PBXBuildFile; fileRef = B4B281771E49997700005941 /* EventoManager.swift */; };
/* End PBXBuildFile section */

/* Begin PBXFileReference section */
		B4022DFC1E2F0EDD004AB826 /* Guaymas 6.0.app */ = {isa = PBXFileReference; explicitFileType = wrapper.application; includeInIndex = 0; path = "Guaymas 6.0.app"; sourceTree = BUILT_PRODUCTS_DIR; };
		B4022DFF1E2F0EDD004AB826 /* AppDelegate.swift */ = {isa = PBXFileReference; lastKnownFileType = sourcecode.swift; path = AppDelegate.swift; sourceTree = "<group>"; };
		B4022E011E2F0EDD004AB826 /* ViewController.swift */ = {isa = PBXFileReference; lastKnownFileType = sourcecode.swift; name = ViewController.swift; path = "Guaymas 6.0/ViewController.swift"; sourceTree = "<group>"; };
		B4022E041E2F0EDD004AB826 /* Base */ = {isa = PBXFileReference; lastKnownFileType = file.storyboard; name = Base; path = Base.lproj/Main.storyboard; sourceTree = "<group>"; };
		B4022E071E2F0EDD004AB826 /* Guaymas_6_0.xcdatamodel */ = {isa = PBXFileReference; lastKnownFileType = wrapper.xcdatamodel; path = Guaymas_6_0.xcdatamodel; sourceTree = "<group>"; };
		B4022E091E2F0EDD004AB826 /* Assets.xcassets */ = {isa = PBXFileReference; lastKnownFileType = folder.assetcatalog; path = Assets.xcassets; sourceTree = "<group>"; };
		B4022E0C1E2F0EDD004AB826 /* Base */ = {isa = PBXFileReference; lastKnownFileType = file.storyboard; name = Base; path = Base.lproj/LaunchScreen.storyboard; sourceTree = "<group>"; };
		B4022E0E1E2F0EDD004AB826 /* Info.plist */ = {isa = PBXFileReference; lastKnownFileType = text.plist.xml; path = Info.plist; sourceTree = "<group>"; };
		B4022E171E2F0F40004AB826 /* Noticia.swift */ = {isa = PBXFileReference; fileEncoding = 4; lastKnownFileType = sourcecode.swift; path = Noticia.swift; sourceTree = "<group>"; };
		B4022E191E2F11C6004AB826 /* NoticiasTableViewController.swift */ = {isa = PBXFileReference; fileEncoding = 4; lastKnownFileType = sourcecode.swift; path = NoticiasTableViewController.swift; sourceTree = "<group>"; };
		B4022E1B1E2F11DE004AB826 /* NoticiasViewController.swift */ = {isa = PBXFileReference; fileEncoding = 4; lastKnownFileType = sourcecode.swift; path = NoticiasViewController.swift; sourceTree = "<group>"; };
		B41194D31E4D3CAC0098E7C4 /* MapKit.framework */ = {isa = PBXFileReference; lastKnownFileType = wrapper.framework; name = MapKit.framework; path = System/Library/Frameworks/MapKit.framework; sourceTree = SDKROOT; };
		B46A188B1E4561B200E47B39 /* NoticiaTableViewCell.swift */ = {isa = PBXFileReference; fileEncoding = 4; lastKnownFileType = sourcecode.swift; path = NoticiaTableViewCell.swift; sourceTree = "<group>"; };
		B46A188D1E45651400E47B39 /* NoticiaManager.swift */ = {isa = PBXFileReference; fileEncoding = 4; lastKnownFileType = sourcecode.swift; path = NoticiaManager.swift; sourceTree = "<group>"; };
		B46A188F1E45687600E47B39 /* SwiftyJSON.swift */ = {isa = PBXFileReference; fileEncoding = 4; lastKnownFileType = sourcecode.swift; name = SwiftyJSON.swift; path = ../SwiftyJSON.swift; sourceTree = "<group>"; };
		B46A18911E45984100E47B39 /* MultimediaViewController.swift */ = {isa = PBXFileReference; fileEncoding = 4; lastKnownFileType = sourcecode.swift; path = MultimediaViewController.swift; sourceTree = "<group>"; };
		B46C86651E4E58A900656541 /* ReporteViewController.swift */ = {isa = PBXFileReference; fileEncoding = 4; lastKnownFileType = sourcecode.swift; path = ReporteViewController.swift; sourceTree = "<group>"; };
		B472B6ED1E4A8F8C00AC6B06 /* Roboto-BoldCondensed.ttf */ = {isa = PBXFileReference; lastKnownFileType = file; path = "Roboto-BoldCondensed.ttf"; sourceTree = "<group>"; };
		B484918F1E4BFC3F004EB809 /* DirectorioTableViewController.swift */ = {isa = PBXFileReference; fileEncoding = 4; lastKnownFileType = sourcecode.swift; path = DirectorioTableViewController.swift; sourceTree = "<group>"; };
		B48491911E4BFC51004EB809 /* DirectorioTableViewCell.swift */ = {isa = PBXFileReference; fileEncoding = 4; lastKnownFileType = sourcecode.swift; path = DirectorioTableViewCell.swift; sourceTree = "<group>"; };
		B48491931E4BFC7B004EB809 /* Dependencia.swift */ = {isa = PBXFileReference; fileEncoding = 4; lastKnownFileType = sourcecode.swift; path = Dependencia.swift; sourceTree = "<group>"; };
		B48491951E4BFC86004EB809 /* DependenciaManager.swift */ = {isa = PBXFileReference; fileEncoding = 4; lastKnownFileType = sourcecode.swift; path = DependenciaManager.swift; sourceTree = "<group>"; };
		B48491971E4C0552004EB809 /* DirectorioViewController.swift */ = {isa = PBXFileReference; fileEncoding = 4; lastKnownFileType = sourcecode.swift; path = DirectorioViewController.swift; sourceTree = "<group>"; };
		B4B146871E35443C00B2537C /* RadioViewController.swift */ = {isa = PBXFileReference; fileEncoding = 4; lastKnownFileType = sourcecode.swift; path = RadioViewController.swift; sourceTree = "<group>"; };
		B4B2816B1E49936000005941 /* EventoViewController.swift */ = {isa = PBXFileReference; fileEncoding = 4; lastKnownFileType = sourcecode.swift; path = EventoViewController.swift; sourceTree = "<group>"; };
		B4B2816D1E49938100005941 /* EventosTableViewController.swift */ = {isa = PBXFileReference; fileEncoding = 4; lastKnownFileType = sourcecode.swift; path = EventosTableViewController.swift; sourceTree = "<group>"; };
		B4B2816F1E4993B000005941 /* EventosTableViewCell.swift */ = {isa = PBXFileReference; fileEncoding = 4; lastKnownFileType = sourcecode.swift; path = EventosTableViewCell.swift; sourceTree = "<group>"; };
		B4B281751E49996D00005941 /* Evento.swift */ = {isa = PBXFileReference; fileEncoding = 4; lastKnownFileType = sourcecode.swift; path = Evento.swift; sourceTree = "<group>"; };
		B4B281771E49997700005941 /* EventoManager.swift */ = {isa = PBXFileReference; fileEncoding = 4; lastKnownFileType = sourcecode.swift; path = EventoManager.swift; sourceTree = "<group>"; };
/* End PBXFileReference section */

/* Begin PBXFrameworksBuildPhase section */
		B4022DF91E2F0EDD004AB826 /* Frameworks */ = {
			isa = PBXFrameworksBuildPhase;
			buildActionMask = 2147483647;
			files = (
				B41194D41E4D3CAC0098E7C4 /* MapKit.framework in Frameworks */,
			);
			runOnlyForDeploymentPostprocessing = 0;
		};
/* End PBXFrameworksBuildPhase section */

/* Begin PBXGroup section */
		B4022DF31E2F0EDD004AB826 = {
			isa = PBXGroup;
			children = (
				B4022E141E2F0EF3004AB826 /* Model */,
				B4022E151E2F0EFC004AB826 /* View */,
				B4022E161E2F0F01004AB826 /* Controller */,
				B4022DFE1E2F0EDD004AB826 /* Guaymas 6.0 */,
				B4022DFD1E2F0EDD004AB826 /* Products */,
				B41194D21E4D3CAC0098E7C4 /* Frameworks */,
			);
			sourceTree = "<group>";
		};
		B4022DFD1E2F0EDD004AB826 /* Products */ = {
			isa = PBXGroup;
			children = (
				B4022DFC1E2F0EDD004AB826 /* Guaymas 6.0.app */,
			);
			name = Products;
			sourceTree = "<group>";
		};
		B4022DFE1E2F0EDD004AB826 /* Guaymas 6.0 */ = {
			isa = PBXGroup;
			children = (
				B4580E971E4E4605008687D9 /* Plugings */,
				B4022DFF1E2F0EDD004AB826 /* AppDelegate.swift */,
				B4022E031E2F0EDD004AB826 /* Main.storyboard */,
				B4022E091E2F0EDD004AB826 /* Assets.xcassets */,
				B4022E0B1E2F0EDD004AB826 /* LaunchScreen.storyboard */,
				B4022E0E1E2F0EDD004AB826 /* Info.plist */,
				B4022E061E2F0EDD004AB826 /* Guaymas_6_0.xcdatamodeld */,
			);
			path = "Guaymas 6.0";
			sourceTree = "<group>";
		};
		B4022E141E2F0EF3004AB826 /* Model */ = {
			isa = PBXGroup;
			children = (
				B4022E171E2F0F40004AB826 /* Noticia.swift */,
				B46A188D1E45651400E47B39 /* NoticiaManager.swift */,
				B4B281751E49996D00005941 /* Evento.swift */,
				B4B281771E49997700005941 /* EventoManager.swift */,
				B48491931E4BFC7B004EB809 /* Dependencia.swift */,
				B48491951E4BFC86004EB809 /* DependenciaManager.swift */,
			);
			name = Model;
			sourceTree = "<group>";
		};
		B4022E151E2F0EFC004AB826 /* View */ = {
			isa = PBXGroup;
			children = (
				B48491911E4BFC51004EB809 /* DirectorioTableViewCell.swift */,
				B4B2816F1E4993B000005941 /* EventosTableViewCell.swift */,
				B46A188B1E4561B200E47B39 /* NoticiaTableViewCell.swift */,
			);
			name = View;
			sourceTree = "<group>";
		};
		B4022E161E2F0F01004AB826 /* Controller */ = {
			isa = PBXGroup;
			children = (
				B46C86641E4E588800656541 /* Controlador Reporte */,
				B4B281711E4993B300005941 /* Controlador Noticia */,
				B4B281721E4993C300005941 /* Controlador Evento */,
				B4B281731E4993E200005941 /* Controlador Radio */,
				B4B281741E4993E800005941 /* Controlador Multimedia */,
				B484918E1E4BFC27004EB809 /* Controlador Directorio */,
				B4022E011E2F0EDD004AB826 /* ViewController.swift */,
			);
			name = Controller;
			sourceTree = "<group>";
		};
		B41194D21E4D3CAC0098E7C4 /* Frameworks */ = {
			isa = PBXGroup;
			children = (
				B41194D31E4D3CAC0098E7C4 /* MapKit.framework */,
			);
			name = Frameworks;
			sourceTree = "<group>";
		};
		B4580E971E4E4605008687D9 /* Plugings */ = {
			isa = PBXGroup;
			children = (
				B472B6ED1E4A8F8C00AC6B06 /* Roboto-BoldCondensed.ttf */,
				B46A188F1E45687600E47B39 /* SwiftyJSON.swift */,
			);
			name = Plugings;
			sourceTree = "<group>";
		};
		B46C86641E4E588800656541 /* Controlador Reporte */ = {
			isa = PBXGroup;
			children = (
				B46C86651E4E58A900656541 /* ReporteViewController.swift */,
			);
			name = "Controlador Reporte";
			sourceTree = "<group>";
		};
		B484918E1E4BFC27004EB809 /* Controlador Directorio */ = {
			isa = PBXGroup;
			children = (
				B48491971E4C0552004EB809 /* DirectorioViewController.swift */,
				B484918F1E4BFC3F004EB809 /* DirectorioTableViewController.swift */,
			);
			name = "Controlador Directorio";
			sourceTree = "<group>";
		};
		B4B281711E4993B300005941 /* Controlador Noticia */ = {
			isa = PBXGroup;
			children = (
				B4022E1B1E2F11DE004AB826 /* NoticiasViewController.swift */,
				B4022E191E2F11C6004AB826 /* NoticiasTableViewController.swift */,
			);
			name = "Controlador Noticia";
			sourceTree = "<group>";
		};
		B4B281721E4993C300005941 /* Controlador Evento */ = {
			isa = PBXGroup;
			children = (
				B4B2816B1E49936000005941 /* EventoViewController.swift */,
				B4B2816D1E49938100005941 /* EventosTableViewController.swift */,
			);
			name = "Controlador Evento";
			sourceTree = "<group>";
		};
		B4B281731E4993E200005941 /* Controlador Radio */ = {
			isa = PBXGroup;
			children = (
				B4B146871E35443C00B2537C /* RadioViewController.swift */,
			);
			name = "Controlador Radio";
			sourceTree = "<group>";
		};
		B4B281741E4993E800005941 /* Controlador Multimedia */ = {
			isa = PBXGroup;
			children = (
				B46A18911E45984100E47B39 /* MultimediaViewController.swift */,
			);
			name = "Controlador Multimedia";
			sourceTree = "<group>";
		};
/* End PBXGroup section */

/* Begin PBXNativeTarget section */
		B4022DFB1E2F0EDD004AB826 /* Guaymas 6.0 */ = {
			isa = PBXNativeTarget;
			buildConfigurationList = B4022E111E2F0EDD004AB826 /* Build configuration list for PBXNativeTarget "Guaymas 6.0" */;
			buildPhases = (
				B4022DF81E2F0EDD004AB826 /* Sources */,
				B4022DF91E2F0EDD004AB826 /* Frameworks */,
				B4022DFA1E2F0EDD004AB826 /* Resources */,
			);
			buildRules = (
			);
			dependencies = (
			);
			name = "Guaymas 6.0";
			productName = "Guaymas 6.0";
			productReference = B4022DFC1E2F0EDD004AB826 /* Guaymas 6.0.app */;
			productType = "com.apple.product-type.application";
		};
/* End PBXNativeTarget section */

/* Begin PBXProject section */
		B4022DF41E2F0EDD004AB826 /* Project object */ = {
			isa = PBXProject;
			attributes = {
				LastSwiftUpdateCheck = 0820;
				LastUpgradeCheck = 0820;
				ORGANIZATIONNAME = "saul ulises urias guzmàn";
				TargetAttributes = {
					B4022DFB1E2F0EDD004AB826 = {
						CreatedOnToolsVersion = 8.2.1;
						DevelopmentTeam = WV9YBKM4R8;
						ProvisioningStyle = Automatic;
					};
				};
			};
			buildConfigurationList = B4022DF71E2F0EDD004AB826 /* Build configuration list for PBXProject "Guaymas 6.0" */;
			compatibilityVersion = "Xcode 3.2";
			developmentRegion = English;
			hasScannedForEncodings = 0;
			knownRegions = (
				en,
				Base,
			);
			mainGroup = B4022DF31E2F0EDD004AB826;
			productRefGroup = B4022DFD1E2F0EDD004AB826 /* Products */;
			projectDirPath = "";
			projectRoot = "";
			targets = (
				B4022DFB1E2F0EDD004AB826 /* Guaymas 6.0 */,
			);
		};
/* End PBXProject section */

/* Begin PBXResourcesBuildPhase section */
		B4022DFA1E2F0EDD004AB826 /* Resources */ = {
			isa = PBXResourcesBuildPhase;
			buildActionMask = 2147483647;
			files = (
				B4022E0D1E2F0EDD004AB826 /* LaunchScreen.storyboard in Resources */,
				B4022E0A1E2F0EDD004AB826 /* Assets.xcassets in Resources */,
				B4022E051E2F0EDD004AB826 /* Main.storyboard in Resources */,
			);
			runOnlyForDeploymentPostprocessing = 0;
		};
/* End PBXResourcesBuildPhase section */

/* Begin PBXSourcesBuildPhase section */
		B4022DF81E2F0EDD004AB826 /* Sources */ = {
			isa = PBXSourcesBuildPhase;
			buildActionMask = 2147483647;
			files = (
				B46C86661E4E58A900656541 /* ReporteViewController.swift in Sources */,
				B4022E1C1E2F11DE004AB826 /* NoticiasViewController.swift in Sources */,
				B48491961E4BFC86004EB809 /* DependenciaManager.swift in Sources */,
				B4B146881E35443C00B2537C /* RadioViewController.swift in Sources */,
				B46A18921E45984100E47B39 /* MultimediaViewController.swift in Sources */,
				B4B2816E1E49938100005941 /* EventosTableViewController.swift in Sources */,
				B4022E1A1E2F11C6004AB826 /* NoticiasTableViewController.swift in Sources */,
				B48491921E4BFC51004EB809 /* DirectorioTableViewCell.swift in Sources */,
				B48491941E4BFC7B004EB809 /* Dependencia.swift in Sources */,
				B46A18901E45687600E47B39 /* SwiftyJSON.swift in Sources */,
				B4B2816C1E49936000005941 /* EventoViewController.swift in Sources */,
				B46A188E1E45651400E47B39 /* NoticiaManager.swift in Sources */,
				B4022E021E2F0EDD004AB826 /* ViewController.swift in Sources */,
				B4B281761E49996D00005941 /* Evento.swift in Sources */,
				B4B281781E49997700005941 /* EventoManager.swift in Sources */,
				B48491901E4BFC3F004EB809 /* DirectorioTableViewController.swift in Sources */,
				B48491981E4C0552004EB809 /* DirectorioViewController.swift in Sources */,
				B4022E081E2F0EDD004AB826 /* Guaymas_6_0.xcdatamodeld in Sources */,
				B4B281701E4993B000005941 /* EventosTableViewCell.swift in Sources */,
				B4022E001E2F0EDD004AB826 /* AppDelegate.swift in Sources */,
				B4022E181E2F0F40004AB826 /* Noticia.swift in Sources */,
				B46A188C1E4561B200E47B39 /* NoticiaTableViewCell.swift in Sources */,
			);
			runOnlyForDeploymentPostprocessing = 0;
		};
/* End PBXSourcesBuildPhase section */

/* Begin PBXVariantGroup section */
		B4022E031E2F0EDD004AB826 /* Main.storyboard */ = {
			isa = PBXVariantGroup;
			children = (
				B4022E041E2F0EDD004AB826 /* Base */,
			);
			name = Main.storyboard;
			sourceTree = "<group>";
		};
		B4022E0B1E2F0EDD004AB826 /* LaunchScreen.storyboard */ = {
			isa = PBXVariantGroup;
			children = (
				B4022E0C1E2F0EDD004AB826 /* Base */,
			);
			name = LaunchScreen.storyboard;
			sourceTree = "<group>";
		};
/* End PBXVariantGroup section */

/* Begin XCBuildConfiguration section */
		B4022E0F1E2F0EDD004AB826 /* Debug */ = {
			isa = XCBuildConfiguration;
			buildSettings = {
				ALWAYS_SEARCH_USER_PATHS = NO;
				CLANG_ANALYZER_NONNULL = YES;
				CLANG_CXX_LANGUAGE_STANDARD = "gnu++0x";
				CLANG_CXX_LIBRARY = "libc++";
				CLANG_ENABLE_MODULES = YES;
				CLANG_ENABLE_OBJC_ARC = YES;
				CLANG_WARN_BOOL_CONVERSION = YES;
				CLANG_WARN_CONSTANT_CONVERSION = YES;
				CLANG_WARN_DIRECT_OBJC_ISA_USAGE = YES_ERROR;
				CLANG_WARN_DOCUMENTATION_COMMENTS = YES;
				CLANG_WARN_EMPTY_BODY = YES;
				CLANG_WARN_ENUM_CONVERSION = YES;
				CLANG_WARN_INFINITE_RECURSION = YES;
				CLANG_WARN_INT_CONVERSION = YES;
				CLANG_WARN_OBJC_ROOT_CLASS = YES_ERROR;
				CLANG_WARN_SUSPICIOUS_MOVE = YES;
				CLANG_WARN_UNREACHABLE_CODE = YES;
				CLANG_WARN__DUPLICATE_METHOD_MATCH = YES;
				"CODE_SIGN_IDENTITY[sdk=iphoneos*]" = "iPhone Developer";
				COPY_PHASE_STRIP = NO;
				DEBUG_INFORMATION_FORMAT = dwarf;
				ENABLE_STRICT_OBJC_MSGSEND = YES;
				ENABLE_TESTABILITY = YES;
				GCC_C_LANGUAGE_STANDARD = gnu99;
				GCC_DYNAMIC_NO_PIC = NO;
				GCC_NO_COMMON_BLOCKS = YES;
				GCC_OPTIMIZATION_LEVEL = 0;
				GCC_PREPROCESSOR_DEFINITIONS = (
					"DEBUG=1",
					"$(inherited)",
				);
				GCC_WARN_64_TO_32_BIT_CONVERSION = YES;
				GCC_WARN_ABOUT_RETURN_TYPE = YES_ERROR;
				GCC_WARN_UNDECLARED_SELECTOR = YES;
				GCC_WARN_UNINITIALIZED_AUTOS = YES_AGGRESSIVE;
				GCC_WARN_UNUSED_FUNCTION = YES;
				GCC_WARN_UNUSED_VARIABLE = YES;
				IPHONEOS_DEPLOYMENT_TARGET = 10.2;
				MTL_ENABLE_DEBUG_INFO = YES;
				ONLY_ACTIVE_ARCH = YES;
				SDKROOT = iphoneos;
				SWIFT_ACTIVE_COMPILATION_CONDITIONS = DEBUG;
				SWIFT_OPTIMIZATION_LEVEL = "-Onone";
				TARGETED_DEVICE_FAMILY = "1,2";
			};
			name = Debug;
		};
		B4022E101E2F0EDD004AB826 /* Release */ = {
			isa = XCBuildConfiguration;
			buildSettings = {
				ALWAYS_SEARCH_USER_PATHS = NO;
				CLANG_ANALYZER_NONNULL = YES;
				CLANG_CXX_LANGUAGE_STANDARD = "gnu++0x";
				CLANG_CXX_LIBRARY = "libc++";
				CLANG_ENABLE_MODULES = YES;
				CLANG_ENABLE_OBJC_ARC = YES;
				CLANG_WARN_BOOL_CONVERSION = YES;
				CLANG_WARN_CONSTANT_CONVERSION = YES;
				CLANG_WARN_DIRECT_OBJC_ISA_USAGE = YES_ERROR;
				CLANG_WARN_DOCUMENTATION_COMMENTS = YES;
				CLANG_WARN_EMPTY_BODY = YES;
				CLANG_WARN_ENUM_CONVERSION = YES;
				CLANG_WARN_INFINITE_RECURSION = YES;
				CLANG_WARN_INT_CONVERSION = YES;
				CLANG_WARN_OBJC_ROOT_CLASS = YES_ERROR;
				CLANG_WARN_SUSPICIOUS_MOVE = YES;
				CLANG_WARN_UNREACHABLE_CODE = YES;
				CLANG_WARN__DUPLICATE_METHOD_MATCH = YES;
				"CODE_SIGN_IDENTITY[sdk=iphoneos*]" = "iPhone Developer";
				COPY_PHASE_STRIP = NO;
				DEBUG_INFORMATION_FORMAT = "dwarf-with-dsym";
				ENABLE_NS_ASSERTIONS = NO;
				ENABLE_STRICT_OBJC_MSGSEND = YES;
				GCC_C_LANGUAGE_STANDARD = gnu99;
				GCC_NO_COMMON_BLOCKS = YES;
				GCC_WARN_64_TO_32_BIT_CONVERSION = YES;
				GCC_WARN_ABOUT_RETURN_TYPE = YES_ERROR;
				GCC_WARN_UNDECLARED_SELECTOR = YES;
				GCC_WARN_UNINITIALIZED_AUTOS = YES_AGGRESSIVE;
				GCC_WARN_UNUSED_FUNCTION = YES;
				GCC_WARN_UNUSED_VARIABLE = YES;
				IPHONEOS_DEPLOYMENT_TARGET = 10.2;
				MTL_ENABLE_DEBUG_INFO = NO;
				SDKROOT = iphoneos;
				SWIFT_OPTIMIZATION_LEVEL = "-Owholemodule";
				TARGETED_DEVICE_FAMILY = "1,2";
				VALIDATE_PRODUCT = YES;
			};
			name = Release;
		};
		B4022E121E2F0EDD004AB826 /* Debug */ = {
			isa = XCBuildConfiguration;
			buildSettings = {
				ASSETCATALOG_COMPILER_APPICON_NAME = AppIcon;
				DEVELOPMENT_TEAM = WV9YBKM4R8;
				INFOPLIST_FILE = "Guaymas 6.0/Info.plist";
				IPHONEOS_DEPLOYMENT_TARGET = 10;
				LD_RUNPATH_SEARCH_PATHS = "$(inherited) @executable_path/Frameworks";
				PRODUCT_BUNDLE_IDENTIFIER = "com.saulurias.Guaymas-6-0";
				PRODUCT_NAME = "$(TARGET_NAME)";
				SWIFT_VERSION = 3.0;
				TARGETED_DEVICE_FAMILY = "1,2";
			};
			name = Debug;
		};
		B4022E131E2F0EDD004AB826 /* Release */ = {
			isa = XCBuildConfiguration;
			buildSettings = {
				ASSETCATALOG_COMPILER_APPICON_NAME = AppIcon;
				DEVELOPMENT_TEAM = WV9YBKM4R8;
				INFOPLIST_FILE = "Guaymas 6.0/Info.plist";
				IPHONEOS_DEPLOYMENT_TARGET = 10;
				LD_RUNPATH_SEARCH_PATHS = "$(inherited) @executable_path/Frameworks";
				PRODUCT_BUNDLE_IDENTIFIER = "com.saulurias.Guaymas-6-0";
				PRODUCT_NAME = "$(TARGET_NAME)";
				SWIFT_VERSION = 3.0;
				TARGETED_DEVICE_FAMILY = "1,2";
			};
			name = Release;
		};
/* End XCBuildConfiguration section */

/* Begin XCConfigurationList section */
		B4022DF71E2F0EDD004AB826 /* Build configuration list for PBXProject "Guaymas 6.0" */ = {
			isa = XCConfigurationList;
			buildConfigurations = (
				B4022E0F1E2F0EDD004AB826 /* Debug */,
				B4022E101E2F0EDD004AB826 /* Release */,
			);
			defaultConfigurationIsVisible = 0;
			defaultConfigurationName = Release;
		};
		B4022E111E2F0EDD004AB826 /* Build configuration list for PBXNativeTarget "Guaymas 6.0" */ = {
			isa = XCConfigurationList;
			buildConfigurations = (
				B4022E121E2F0EDD004AB826 /* Debug */,
				B4022E131E2F0EDD004AB826 /* Release */,
			);
			defaultConfigurationIsVisible = 0;
			defaultConfigurationName = Release;
		};
/* End XCConfigurationList section */

/* Begin XCVersionGroup section */
		B4022E061E2F0EDD004AB826 /* Guaymas_6_0.xcdatamodeld */ = {
			isa = XCVersionGroup;
			children = (
				B4022E071E2F0EDD004AB826 /* Guaymas_6_0.xcdatamodel */,
			);
			currentVersion = B4022E071E2F0EDD004AB826 /* Guaymas_6_0.xcdatamodel */;
			path = Guaymas_6_0.xcdatamodeld;
			sourceTree = "<group>";
			versionGroupType = wrapper.xcdatamodel;
		};
/* End XCVersionGroup section */
	};
	rootObject = B4022DF41E2F0EDD004AB826 /* Project object */;
}
